// !$*UTF8*$!
{
	archiveVersion = 1;
	classes = {
	};
	objectVersion = 46;
	objects = {

/* Begin PBXBuildFile section */
		6285955B1F037DF8008202CC /* ResgistrationPageViewController.swift in Sources */ = {isa = PBXBuildFile; fileRef = 628595591F037DF8008202CC /* ResgistrationPageViewController.swift */; };
		6285955C1F037DF8008202CC /* ViewController.swift in Sources */ = {isa = PBXBuildFile; fileRef = 6285955A1F037DF8008202CC /* ViewController.swift */; };
		62C7B52B1F0593E90026D71C /* WeatherDataModel.swift in Sources */ = {isa = PBXBuildFile; fileRef = 62C7B52A1F0593E90026D71C /* WeatherDataModel.swift */; };
		CAEC266601A30CEAFF88AFC5 /* Pods_RegistrationPageTask.framework in Frameworks */ = {isa = PBXBuildFile; fileRef = 40CC785E3AF3648AA44AD453 /* Pods_RegistrationPageTask.framework */; };
		FA0918E41F028CB8008ABA09 /* AppDelegate.swift in Sources */ = {isa = PBXBuildFile; fileRef = FA0918E31F028CB8008ABA09 /* AppDelegate.swift */; };
		FA0918E91F028CB8008ABA09 /* Main.storyboard in Resources */ = {isa = PBXBuildFile; fileRef = FA0918E71F028CB8008ABA09 /* Main.storyboard */; };
		FA0918EB1F028CB8008ABA09 /* Assets.xcassets in Resources */ = {isa = PBXBuildFile; fileRef = FA0918EA1F028CB8008ABA09 /* Assets.xcassets */; };
		FA0918EE1F028CB8008ABA09 /* LaunchScreen.storyboard in Resources */ = {isa = PBXBuildFile; fileRef = FA0918EC1F028CB8008ABA09 /* LaunchScreen.storyboard */; };
/* End PBXBuildFile section */

/* Begin PBXFileReference section */
		40CC785E3AF3648AA44AD453 /* Pods_RegistrationPageTask.framework */ = {isa = PBXFileReference; explicitFileType = wrapper.framework; includeInIndex = 0; path = Pods_RegistrationPageTask.framework; sourceTree = BUILT_PRODUCTS_DIR; };
		42DA8DE15A4C0D1661E96154 /* Pods-RegistrationPageTask.release.xcconfig */ = {isa = PBXFileReference; includeInIndex = 1; lastKnownFileType = text.xcconfig; name = "Pods-RegistrationPageTask.release.xcconfig"; path = "Pods/Target Support Files/Pods-RegistrationPageTask/Pods-RegistrationPageTask.release.xcconfig"; sourceTree = "<group>"; };
		5CADB70C68A664BE35078D82 /* Pods-RegistrationPageTask.debug.xcconfig */ = {isa = PBXFileReference; includeInIndex = 1; lastKnownFileType = text.xcconfig; name = "Pods-RegistrationPageTask.debug.xcconfig"; path = "Pods/Target Support Files/Pods-RegistrationPageTask/Pods-RegistrationPageTask.debug.xcconfig"; sourceTree = "<group>"; };
		628595591F037DF8008202CC /* ResgistrationPageViewController.swift */ = {isa = PBXFileReference; fileEncoding = 4; lastKnownFileType = sourcecode.swift; path = ResgistrationPageViewController.swift; sourceTree = "<group>"; };
		6285955A1F037DF8008202CC /* ViewController.swift */ = {isa = PBXFileReference; fileEncoding = 4; lastKnownFileType = sourcecode.swift; path = ViewController.swift; sourceTree = "<group>"; };
		62C7B52A1F0593E90026D71C /* WeatherDataModel.swift */ = {isa = PBXFileReference; fileEncoding = 4; lastKnownFileType = sourcecode.swift; path = WeatherDataModel.swift; sourceTree = "<group>"; };
		FA0918E01F028CB8008ABA09 /* RegistrationPageTask.app */ = {isa = PBXFileReference; explicitFileType = wrapper.application; includeInIndex = 0; path = RegistrationPageTask.app; sourceTree = BUILT_PRODUCTS_DIR; };
		FA0918E31F028CB8008ABA09 /* AppDelegate.swift */ = {isa = PBXFileReference; lastKnownFileType = sourcecode.swift; path = AppDelegate.swift; sourceTree = "<group>"; };
		FA0918E81F028CB8008ABA09 /* Base */ = {isa = PBXFileReference; lastKnownFileType = file.storyboard; name = Base; path = Base.lproj/Main.storyboard; sourceTree = "<group>"; };
		FA0918EA1F028CB8008ABA09 /* Assets.xcassets */ = {isa = PBXFileReference; lastKnownFileType = folder.assetcatalog; path = Assets.xcassets; sourceTree = "<group>"; };
		FA0918ED1F028CB8008ABA09 /* Base */ = {isa = PBXFileReference; lastKnownFileType = file.storyboard; name = Base; path = Base.lproj/LaunchScreen.storyboard; sourceTree = "<group>"; };
		FA0918EF1F028CB8008ABA09 /* Info.plist */ = {isa = PBXFileReference; lastKnownFileType = text.plist.xml; path = Info.plist; sourceTree = "<group>"; };
/* End PBXFileReference section */

/* Begin PBXFrameworksBuildPhase section */
		FA0918DD1F028CB8008ABA09 /* Frameworks */ = {
			isa = PBXFrameworksBuildPhase;
			buildActionMask = 2147483647;
			files = (
				CAEC266601A30CEAFF88AFC5 /* Pods_RegistrationPageTask.framework in Frameworks */,
			);
			runOnlyForDeploymentPostprocessing = 0;
		};
/* End PBXFrameworksBuildPhase section */

/* Begin PBXGroup section */
		500C8981EE27E9A312F04D90 /* Frameworks */ = {
			isa = PBXGroup;
			children = (
				40CC785E3AF3648AA44AD453 /* Pods_RegistrationPageTask.framework */,
			);
			name = Frameworks;
			sourceTree = "<group>";
		};
		C6CAE3CE162C6824916CF8D9 /* Pods */ = {
			isa = PBXGroup;
			children = (
				5CADB70C68A664BE35078D82 /* Pods-RegistrationPageTask.debug.xcconfig */,
				42DA8DE15A4C0D1661E96154 /* Pods-RegistrationPageTask.release.xcconfig */,
			);
			name = Pods;
			sourceTree = "<group>";
		};
		FA0918D71F028CB8008ABA09 = {
			isa = PBXGroup;
			children = (
				FA0918E21F028CB8008ABA09 /* RegistrationPageTask */,
				FA0918E11F028CB8008ABA09 /* Products */,
				C6CAE3CE162C6824916CF8D9 /* Pods */,
				500C8981EE27E9A312F04D90 /* Frameworks */,
			);
			sourceTree = "<group>";
		};
		FA0918E11F028CB8008ABA09 /* Products */ = {
			isa = PBXGroup;
			children = (
				FA0918E01F028CB8008ABA09 /* RegistrationPageTask.app */,
			);
			name = Products;
			sourceTree = "<group>";
		};
		FA0918E21F028CB8008ABA09 /* RegistrationPageTask */ = {
			isa = PBXGroup;
			children = (
				FA0918E31F028CB8008ABA09 /* AppDelegate.swift */,
				6285955A1F037DF8008202CC /* ViewController.swift */,
				628595591F037DF8008202CC /* ResgistrationPageViewController.swift */,
				62C7B52A1F0593E90026D71C /* WeatherDataModel.swift */,
				FA0918E71F028CB8008ABA09 /* Main.storyboard */,
				FA0918EA1F028CB8008ABA09 /* Assets.xcassets */,
				FA0918EC1F028CB8008ABA09 /* LaunchScreen.storyboard */,
				FA0918EF1F028CB8008ABA09 /* Info.plist */,
			);
			path = RegistrationPageTask;
			sourceTree = "<group>";
		};
/* End PBXGroup section */

/* Begin PBXNativeTarget section */
		FA0918DF1F028CB8008ABA09 /* RegistrationPageTask */ = {
			isa = PBXNativeTarget;
			buildConfigurationList = FA0918F21F028CB8008ABA09 /* Build configuration list for PBXNativeTarget "RegistrationPageTask" */;
			buildPhases = (
				3C6D54A35F6DBA7732A83F8C /* [CP] Check Pods Manifest.lock */,
				FA0918DC1F028CB8008ABA09 /* Sources */,
				FA0918DD1F028CB8008ABA09 /* Frameworks */,
				FA0918DE1F028CB8008ABA09 /* Resources */,
				4D67006417AB88B7CFC435BC /* [CP] Embed Pods Frameworks */,
				A5929B55453C1FA276D6434F /* [CP] Copy Pods Resources */,
			);
			buildRules = (
			);
			dependencies = (
			);
			name = RegistrationPageTask;
			productName = RegistrationPageTask;
			productReference = FA0918E01F028CB8008ABA09 /* RegistrationPageTask.app */;
			productType = "com.apple.product-type.application";
		};
/* End PBXNativeTarget section */

/* Begin PBXProject section */
		FA0918D81F028CB8008ABA09 /* Project object */ = {
			isa = PBXProject;
			attributes = {
				LastSwiftUpdateCheck = 0830;
				LastUpgradeCheck = 0830;
				ORGANIZATIONNAME = MacBook;
				TargetAttributes = {
					FA0918DF1F028CB8008ABA09 = {
						CreatedOnToolsVersion = 8.3.2;
						ProvisioningStyle = Automatic;
					};
				};
			};
			buildConfigurationList = FA0918DB1F028CB8008ABA09 /* Build configuration list for PBXProject "RegistrationPageTask" */;
			compatibilityVersion = "Xcode 3.2";
			developmentRegion = English;
			hasScannedForEncodings = 0;
			knownRegions = (
				en,
				Base,
			);
			mainGroup = FA0918D71F028CB8008ABA09;
			productRefGroup = FA0918E11F028CB8008ABA09 /* Products */;
			projectDirPath = "";
			projectRoot = "";
			targets = (
				FA0918DF1F028CB8008ABA09 /* RegistrationPageTask */,
			);
		};
/* End PBXProject section */

/* Begin PBXResourcesBuildPhase section */
		FA0918DE1F028CB8008ABA09 /* Resources */ = {
			isa = PBXResourcesBuildPhase;
			buildActionMask = 2147483647;
			files = (
				FA0918EE1F028CB8008ABA09 /* LaunchScreen.storyboard in Resources */,
				FA0918EB1F028CB8008ABA09 /* Assets.xcassets in Resources */,
				FA0918E91F028CB8008ABA09 /* Main.storyboard in Resources */,
			);
			runOnlyForDeploymentPostprocessing = 0;
		};
/* End PBXResourcesBuildPhase section */

/* Begin PBXShellScriptBuildPhase section */
		3C6D54A35F6DBA7732A83F8C /* [CP] Check Pods Manifest.lock */ = {
			isa = PBXShellScriptBuildPhase;
			buildActionMask = 2147483647;
			files = (
			);
			inputPaths = (
			);
			name = "[CP] Check Pods Manifest.lock";
			outputPaths = (
			);
			runOnlyForDeploymentPostprocessing = 0;
			shellPath = /bin/sh;
			shellScript = "diff \"${PODS_PODFILE_DIR_PATH}/Podfile.lock\" \"${PODS_ROOT}/Manifest.lock\" > /dev/null\nif [ $? != 0 ] ; then\n    # print error to STDERR\n    echo \"error: The sandbox is not in sync with the Podfile.lock. Run 'pod install' or update your CocoaPods installation.\" >&2\n    exit 1\nfi\n";
			showEnvVarsInLog = 0;
		};
		4D67006417AB88B7CFC435BC /* [CP] Embed Pods Frameworks */ = {
			isa = PBXShellScriptBuildPhase;
			buildActionMask = 2147483647;
			files = (
			);
			inputPaths = (
			);
			name = "[CP] Embed Pods Frameworks";
			outputPaths = (
			);
			runOnlyForDeploymentPostprocessing = 0;
			shellPath = /bin/sh;
			shellScript = "\"${SRCROOT}/Pods/Target Support Files/Pods-RegistrationPageTask/Pods-RegistrationPageTask-frameworks.sh\"\n";
			showEnvVarsInLog = 0;
		};
		A5929B55453C1FA276D6434F /* [CP] Copy Pods Resources */ = {
			isa = PBXShellScriptBuildPhase;
			buildActionMask = 2147483647;
			files = (
			);
			inputPaths = (
			);
			name = "[CP] Copy Pods Resources";
			outputPaths = (
			);
			runOnlyForDeploymentPostprocessing = 0;
			shellPath = /bin/sh;
			shellScript = "\"${SRCROOT}/Pods/Target Support Files/Pods-RegistrationPageTask/Pods-RegistrationPageTask-resources.sh\"\n";
			showEnvVarsInLog = 0;
		};
/* End PBXShellScriptBuildPhase section */

/* Begin PBXSourcesBuildPhase section */
		FA0918DC1F028CB8008ABA09 /* Sources */ = {
			isa = PBXSourcesBuildPhase;
			buildActionMask = 2147483647;
			files = (
				62C7B52B1F0593E90026D71C /* WeatherDataModel.swift in Sources */,
				6285955C1F037DF8008202CC /* ViewController.swift in Sources */,
				6285955B1F037DF8008202CC /* ResgistrationPageViewController.swift in Sources */,
				FA0918E41F028CB8008ABA09 /* AppDelegate.swift in Sources */,
			);
			runOnlyForDeploymentPostprocessing = 0;
		};
/* End PBXSourcesBuildPhase section */

/* Begin PBXVariantGroup section */
		FA0918E71F028CB8008ABA09 /* Main.storyboard */ = {
			isa = PBXVariantGroup;
			children = (
				FA0918E81F028CB8008ABA09 /* Base */,
			);
			name = Main.storyboard;
			sourceTree = "<group>";
		};
		FA0918EC1F028CB8008ABA09 /* LaunchScreen.storyboard */ = {
			isa = PBXVariantGroup;
			children = (
				FA0918ED1F028CB8008ABA09 /* Base */,
			);
			name = LaunchScreen.storyboard;
			sourceTree = "<group>";
		};
/* End PBXVariantGroup section */

/* Begin XCBuildConfiguration section */
		FA0918F01F028CB8008ABA09 /* Debug */ = {
			isa = XCBuildConfiguration;
			buildSettings = {
				ALWAYS_SEARCH_USER_PATHS = NO;
				CLANG_ANALYZER_NONNULL = YES;
				CLANG_ANALYZER_NUMBER_OBJECT_CONVERSION = YES_AGGRESSIVE;
				CLANG_CXX_LANGUAGE_STANDARD = "gnu++0x";
				CLANG_CXX_LIBRARY = "libc++";
				CLANG_ENABLE_MODULES = YES;
				CLANG_ENABLE_OBJC_ARC = YES;
				CLANG_WARN_BOOL_CONVERSION = YES;
				CLANG_WARN_CONSTANT_CONVERSION = YES;
				CLANG_WARN_DIRECT_OBJC_ISA_USAGE = YES_ERROR;
				CLANG_WARN_DOCUMENTATION_COMMENTS = YES;
				CLANG_WARN_EMPTY_BODY = YES;
				CLANG_WARN_ENUM_CONVERSION = YES;
				CLANG_WARN_INFINITE_RECURSION = YES;
				CLANG_WARN_INT_CONVERSION = YES;
				CLANG_WARN_OBJC_ROOT_CLASS = YES_ERROR;
				CLANG_WARN_SUSPICIOUS_MOVE = YES;
				CLANG_WARN_UNREACHABLE_CODE = YES;
				CLANG_WARN__DUPLICATE_METHOD_MATCH = YES;
				"CODE_SIGN_IDENTITY[sdk=iphoneos*]" = "iPhone Developer";
				COPY_PHASE_STRIP = NO;
				DEBUG_INFORMATION_FORMAT = dwarf;
				ENABLE_STRICT_OBJC_MSGSEND = YES;
				ENABLE_TESTABILITY = YES;
				GCC_C_LANGUAGE_STANDARD = gnu99;
				GCC_DYNAMIC_NO_PIC = NO;
				GCC_NO_COMMON_BLOCKS = YES;
				GCC_OPTIMIZATION_LEVEL = 0;
				GCC_PREPROCESSOR_DEFINITIONS = (
					"DEBUG=1",
					"$(inherited)",
				);
				GCC_WARN_64_TO_32_BIT_CONVERSION = YES;
				GCC_WARN_ABOUT_RETURN_TYPE = YES_ERROR;
				GCC_WARN_UNDECLARED_SELECTOR = YES;
				GCC_WARN_UNINITIALIZED_AUTOS = YES_AGGRESSIVE;
				GCC_WARN_UNUSED_FUNCTION = YES;
				GCC_WARN_UNUSED_VARIABLE = YES;
				IPHONEOS_DEPLOYMENT_TARGET = 9.0;
				MTL_ENABLE_DEBUG_INFO = YES;
				ONLY_ACTIVE_ARCH = YES;
				SDKROOT = iphoneos;
				SWIFT_ACTIVE_COMPILATION_CONDITIONS = DEBUG;
				SWIFT_OPTIMIZATION_LEVEL = "-Onone";
				TARGETED_DEVICE_FAMILY = "1,2";
			};
			name = Debug;
		};
		FA0918F11F028CB8008ABA09 /* Release */ = {
			isa = XCBuildConfiguration;
			buildSettings = {
				ALWAYS_SEARCH_USER_PATHS = NO;
				CLANG_ANALYZER_NONNULL = YES;
				CLANG_ANALYZER_NUMBER_OBJECT_CONVERSION = YES_AGGRESSIVE;
				CLANG_CXX_LANGUAGE_STANDARD = "gnu++0x";
				CLANG_CXX_LIBRARY = "libc++";
				CLANG_ENABLE_MODULES = YES;
				CLANG_ENABLE_OBJC_ARC = YES;
				CLANG_WARN_BOOL_CONVERSION = YES;
				CLANG_WARN_CONSTANT_CONVERSION = YES;
				CLANG_WARN_DIRECT_OBJC_ISA_USAGE = YES_ERROR;
				CLANG_WARN_DOCUMENTATION_COMMENTS = YES;
				CLANG_WARN_EMPTY_BODY = YES;
				CLANG_WARN_ENUM_CONVERSION = YES;
				CLANG_WARN_INFINITE_RECURSION = YES;
				CLANG_WARN_INT_CONVERSION = YES;
				CLANG_WARN_OBJC_ROOT_CLASS = YES_ERROR;
				CLANG_WARN_SUSPICIOUS_MOVE = YES;
				CLANG_WARN_UNREACHABLE_CODE = YES;
				CLANG_WARN__DUPLICATE_METHOD_MATCH = YES;
				"CODE_SIGN_IDENTITY[sdk=iphoneos*]" = "iPhone Developer";
				COPY_PHASE_STRIP = NO;
				DEBUG_INFORMATION_FORMAT = "dwarf-with-dsym";
				ENABLE_NS_ASSERTIONS = NO;
				ENABLE_STRICT_OBJC_MSGSEND = YES;
				GCC_C_LANGUAGE_STANDARD = gnu99;
				GCC_NO_COMMON_BLOCKS = YES;
				GCC_WARN_64_TO_32_BIT_CONVERSION = YES;
				GCC_WARN_ABOUT_RETURN_TYPE = YES_ERROR;
				GCC_WARN_UNDECLARED_SELECTOR = YES;
				GCC_WARN_UNINITIALIZED_AUTOS = YES_AGGRESSIVE;
				GCC_WARN_UNUSED_FUNCTION = YES;
				GCC_WARN_UNUSED_VARIABLE = YES;
				IPHONEOS_DEPLOYMENT_TARGET = 9.0;
				MTL_ENABLE_DEBUG_INFO = NO;
				SDKROOT = iphoneos;
				SWIFT_OPTIMIZATION_LEVEL = "-Owholemodule";
				TARGETED_DEVICE_FAMILY = "1,2";
				VALIDATE_PRODUCT = YES;
			};
			name = Release;
		};
		FA0918F31F028CB8008ABA09 /* Debug */ = {
			isa = XCBuildConfiguration;
			baseConfigurationReference = 5CADB70C68A664BE35078D82 /* Pods-RegistrationPageTask.debug.xcconfig */;
			buildSettings = {
				ASSETCATALOG_COMPILER_APPICON_NAME = AppIcon;
				DEVELOPMENT_TEAM = "";
				INFOPLIST_FILE = RegistrationPageTask/Info.plist;
				IPHONEOS_DEPLOYMENT_TARGET = 9.0;
				LD_RUNPATH_SEARCH_PATHS = "$(inherited) @executable_path/Frameworks";
				PRODUCT_BUNDLE_IDENTIFIER = ArmGroup.RegistrationPageTask;
				PRODUCT_NAME = "$(TARGET_NAME)";
				SWIFT_VERSION = 3.0;
			};
			name = Debug;
		};
		FA0918F41F028CB8008ABA09 /* Release */ = {
			isa = XCBuildConfiguration;
			baseConfigurationReference = 42DA8DE15A4C0D1661E96154 /* Pods-RegistrationPageTask.release.xcconfig */;
			buildSettings = {
				ASSETCATALOG_COMPILER_APPICON_NAME = AppIcon;
				DEVELOPMENT_TEAM = "";
				INFOPLIST_FILE = RegistrationPageTask/Info.plist;
				IPHONEOS_DEPLOYMENT_TARGET = 9.0;
				LD_RUNPATH_SEARCH_PATHS = "$(inherited) @executable_path/Frameworks";
				PRODUCT_BUNDLE_IDENTIFIER = ArmGroup.RegistrationPageTask;
				PRODUCT_NAME = "$(TARGET_NAME)";
				SWIFT_VERSION = 3.0;
			};
			name = Release;
		};
/* End XCBuildConfiguration section */

/* Begin XCConfigurationList section */
		FA0918DB1F028CB8008ABA09 /* Build configuration list for PBXProject "RegistrationPageTask" */ = {
			isa = XCConfigurationList;
			buildConfigurations = (
				FA0918F01F028CB8008ABA09 /* Debug */,
				FA0918F11F028CB8008ABA09 /* Release */,
			);
			defaultConfigurationIsVisible = 0;
			defaultConfigurationName = Release;
		};
		FA0918F21F028CB8008ABA09 /* Build configuration list for PBXNativeTarget "RegistrationPageTask" */ = {
			isa = XCConfigurationList;
			buildConfigurations = (
				FA0918F31F028CB8008ABA09 /* Debug */,
				FA0918F41F028CB8008ABA09 /* Release */,
			);
			defaultConfigurationIsVisible = 0;
			defaultConfigurationName = Release;
		};
/* End XCConfigurationList section */
	};
	rootObject = FA0918D81F028CB8008ABA09 /* Project object */;
}
